
Microsoft Visual Studio Solution File, Format Version 12.00
# Visual Studio Version 17
VisualStudioVersion = 17.4.33103.184
MinimumVisualStudioVersion = 10.0.40219.1
Project("{FAE04EC0-301F-11D3-BF4B-00C04F79EFBC}") = "SymetriskKrytpering", "SymetriskKrytpering\SymetriskKrytpering.csproj", "{CF2B1D7C-36A1-4EE4-9348-E220C5476DC5}"
EndProject
Global
	GlobalSection(SolutionConfigurationPlatforms) = preSolution
		Debug|Any CPU = Debug|Any CPU
		Release|Any CPU = Release|Any CPU
	EndGlobalSection
	GlobalSection(ProjectConfigurationPlatforms) = postSolution
		{CF2B1D7C-36A1-4EE4-9348-E220C5476DC5}.Debug|Any CPU.ActiveCfg = Debug|Any CPU
		{CF2B1D7C-36A1-4EE4-9348-E220C5476DC5}.Debug|Any CPU.Build.0 = Debug|Any CPU
		{CF2B1D7C-36A1-4EE4-9348-E220C5476DC5}.Release|Any CPU.ActiveCfg = Release|Any CPU
		{CF2B1D7C-36A1-4EE4-9348-E220C5476DC5}.Release|Any CPU.Build.0 = Release|Any CPU
	EndGlobalSection
	GlobalSection(SolutionProperties) = preSolution
		HideSolutionNode = FALSE
	EndGlobalSection
	GlobalSection(ExtensibilityGlobals) = postSolution
		SolutionGuid = {0AC176A7-68F7-426F-B256-24D35021CD18}
	EndGlobalSection
EndGlobal
